
Microsoft Visual Studio Solution File, Format Version 12.00
# Visual Studio Version 17
VisualStudioVersion = 17.0.32014.148
MinimumVisualStudioVersion = 10.0.40219.1
Project("{FAE04EC0-301F-11D3-BF4B-00C04F79EFBC}") = "OMCL", "OMCL\OMCL.csproj", "{1B9993E3-9E10-4F78-A853-CF640457A55F}"
EndProject
Global
	GlobalSection(SolutionConfigurationPlatforms) = preSolution
		Debug|Any CPU = Debug|Any CPU
		Release|Any CPU = Release|Any CPU
	EndGlobalSection
	GlobalSection(ProjectConfigurationPlatforms) = postSolution
		{1B9993E3-9E10-4F78-A853-CF640457A55F}.Debug|Any CPU.ActiveCfg = Debug|Any CPU
		{1B9993E3-9E10-4F78-A853-CF640457A55F}.Debug|Any CPU.Build.0 = Debug|Any CPU
		{1B9993E3-9E10-4F78-A853-CF640457A55F}.Release|Any CPU.ActiveCfg = Release|Any CPU
		{1B9993E3-9E10-4F78-A853-CF640457A55F}.Release|Any CPU.Build.0 = Release|Any CPU
	EndGlobalSection
	GlobalSection(SolutionProperties) = preSolution
		HideSolutionNode = FALSE
	EndGlobalSection
	GlobalSection(ExtensibilityGlobals) = postSolution
		SolutionGuid = {779304A5-B362-4F24-9C5E-0EA35476378B}
	EndGlobalSection
EndGlobal
